
Microsoft Visual Studio Solution File, Format Version 12.00
# Visual Studio Version 16
VisualStudioVersion = 16.0.30717.126
MinimumVisualStudioVersion = 10.0.40219.1
Project("{9A19103F-16F7-4668-BE54-9A1E7A4F7556}") = "Fib.Net.Core", "Fib.Net.Core\Fib.Net.Core.csproj", "{AD0A5E58-60EF-4332-B394-4B012E30B156}"
EndProject
Project("{9A19103F-16F7-4668-BE54-9A1E7A4F7556}") = "Fib.Net.Cli", "Fib.Net.Cli\Fib.Net.Cli.csproj", "{62614D17-C692-4F2B-AFAF-FB550F192A78}"
EndProject
Global
	GlobalSection(SolutionConfigurationPlatforms) = preSolution
		Debug|Any CPU = Debug|Any CPU
		Release|Any CPU = Release|Any CPU
	EndGlobalSection
	GlobalSection(ProjectConfigurationPlatforms) = postSolution
		{AD0A5E58-60EF-4332-B394-4B012E30B156}.Debug|Any CPU.ActiveCfg = Debug|Any CPU
		{AD0A5E58-60EF-4332-B394-4B012E30B156}.Debug|Any CPU.Build.0 = Debug|Any CPU
		{AD0A5E58-60EF-4332-B394-4B012E30B156}.Release|Any CPU.ActiveCfg = Release|Any CPU
		{AD0A5E58-60EF-4332-B394-4B012E30B156}.Release|Any CPU.Build.0 = Release|Any CPU
		{62614D17-C692-4F2B-AFAF-FB550F192A78}.Debug|Any CPU.ActiveCfg = Debug|Any CPU
		{62614D17-C692-4F2B-AFAF-FB550F192A78}.Debug|Any CPU.Build.0 = Debug|Any CPU
		{62614D17-C692-4F2B-AFAF-FB550F192A78}.Release|Any CPU.ActiveCfg = Release|Any CPU
		{62614D17-C692-4F2B-AFAF-FB550F192A78}.Release|Any CPU.Build.0 = Release|Any CPU
	EndGlobalSection
	GlobalSection(SolutionProperties) = preSolution
		HideSolutionNode = FALSE
	EndGlobalSection
	GlobalSection(ExtensibilityGlobals) = postSolution
		SolutionGuid = {A3E0EE52-04E0-4B3F-8CDB-346655F4AEE5}
	EndGlobalSection
EndGlobal
